
Microsoft Visual Studio Solution File, Format Version 12.00
# Visual Studio Version 17
VisualStudioVersion = 17.0.31903.59
MinimumVisualStudioVersion = 10.0.40219.1
Project("{2150E333-8FDC-42A3-9474-1A3956D46DE8}") = "Core", "Core", "{B708A16E-E742-4D7E-851B-AEEAE19A87E7}"
EndProject
Project("{FAE04EC0-301F-11D3-BF4B-00C04F79EFBC}") = "Notes.Domain", "Core\Notes.Domain\Notes.Domain.csproj", "{B372A7B7-284A-4288-9129-A064F59A3828}"
EndProject
Project("{FAE04EC0-301F-11D3-BF4B-00C04F79EFBC}") = "Notes.Application", "Core\Notes.Application\Notes.Application.csproj", "{FF77B57D-A482-45AE-AF8F-8419A1BFB08E}"
EndProject
Project("{2150E333-8FDC-42A3-9474-1A3956D46DE8}") = "Infrastructure", "Infrastructure", "{5A6248A4-C67B-4ED1-A1FF-8A0B724D5A62}"
EndProject
Project("{FAE04EC0-301F-11D3-BF4B-00C04F79EFBC}") = "Notes.Persistence", "Infrastructure\Notes.Persistence\Notes.Persistence.csproj", "{EF08ED2A-2170-41A5-8731-7756970274EC}"
EndProject
Project("{2150E333-8FDC-42A3-9474-1A3956D46DE8}") = "Presentation", "Presentation", "{5991FAC9-956A-466F-93B5-CFFAAC6AE5B8}"
EndProject
Project("{FAE04EC0-301F-11D3-BF4B-00C04F79EFBC}") = "Notes.WebApi", "Presentation\Notes.WebApi\Notes.WebApi.csproj", "{9D2D793A-D477-4C05-BFBC-99C125364251}"
EndProject
Project("{2150E333-8FDC-42A3-9474-1A3956D46DE8}") = "Tests", "Tests", "{4A96F7BF-1160-4A24-8271-BA47E3C0EC63}"
EndProject
Project("{FAE04EC0-301F-11D3-BF4B-00C04F79EFBC}") = "Notes.Tests", "Tests\Notes.Tests\Notes.Tests.csproj", "{FE1FC783-1F6C-46AD-8412-E56C4C84C1B6}"
EndProject
Global
	GlobalSection(SolutionConfigurationPlatforms) = preSolution
		Debug|Any CPU = Debug|Any CPU
		Release|Any CPU = Release|Any CPU
	EndGlobalSection
	GlobalSection(SolutionProperties) = preSolution
		HideSolutionNode = FALSE
	EndGlobalSection
	GlobalSection(ProjectConfigurationPlatforms) = postSolution
		{B372A7B7-284A-4288-9129-A064F59A3828}.Debug|Any CPU.ActiveCfg = Debug|Any CPU
		{B372A7B7-284A-4288-9129-A064F59A3828}.Debug|Any CPU.Build.0 = Debug|Any CPU
		{B372A7B7-284A-4288-9129-A064F59A3828}.Release|Any CPU.ActiveCfg = Release|Any CPU
		{B372A7B7-284A-4288-9129-A064F59A3828}.Release|Any CPU.Build.0 = Release|Any CPU
		{FF77B57D-A482-45AE-AF8F-8419A1BFB08E}.Debug|Any CPU.ActiveCfg = Debug|Any CPU
		{FF77B57D-A482-45AE-AF8F-8419A1BFB08E}.Debug|Any CPU.Build.0 = Debug|Any CPU
		{FF77B57D-A482-45AE-AF8F-8419A1BFB08E}.Release|Any CPU.ActiveCfg = Release|Any CPU
		{FF77B57D-A482-45AE-AF8F-8419A1BFB08E}.Release|Any CPU.Build.0 = Release|Any CPU
		{EF08ED2A-2170-41A5-8731-7756970274EC}.Debug|Any CPU.ActiveCfg = Debug|Any CPU
		{EF08ED2A-2170-41A5-8731-7756970274EC}.Debug|Any CPU.Build.0 = Debug|Any CPU
		{EF08ED2A-2170-41A5-8731-7756970274EC}.Release|Any CPU.ActiveCfg = Release|Any CPU
		{EF08ED2A-2170-41A5-8731-7756970274EC}.Release|Any CPU.Build.0 = Release|Any CPU
		{9D2D793A-D477-4C05-BFBC-99C125364251}.Debug|Any CPU.ActiveCfg = Debug|Any CPU
		{9D2D793A-D477-4C05-BFBC-99C125364251}.Debug|Any CPU.Build.0 = Debug|Any CPU
		{9D2D793A-D477-4C05-BFBC-99C125364251}.Release|Any CPU.ActiveCfg = Release|Any CPU
		{9D2D793A-D477-4C05-BFBC-99C125364251}.Release|Any CPU.Build.0 = Release|Any CPU
		{FE1FC783-1F6C-46AD-8412-E56C4C84C1B6}.Debug|Any CPU.ActiveCfg = Debug|Any CPU
		{FE1FC783-1F6C-46AD-8412-E56C4C84C1B6}.Debug|Any CPU.Build.0 = Debug|Any CPU
		{FE1FC783-1F6C-46AD-8412-E56C4C84C1B6}.Release|Any CPU.ActiveCfg = Release|Any CPU
		{FE1FC783-1F6C-46AD-8412-E56C4C84C1B6}.Release|Any CPU.Build.0 = Release|Any CPU
	EndGlobalSection
	GlobalSection(NestedProjects) = preSolution
		{B372A7B7-284A-4288-9129-A064F59A3828} = {B708A16E-E742-4D7E-851B-AEEAE19A87E7}
		{FF77B57D-A482-45AE-AF8F-8419A1BFB08E} = {B708A16E-E742-4D7E-851B-AEEAE19A87E7}
		{EF08ED2A-2170-41A5-8731-7756970274EC} = {5A6248A4-C67B-4ED1-A1FF-8A0B724D5A62}
		{9D2D793A-D477-4C05-BFBC-99C125364251} = {5991FAC9-956A-466F-93B5-CFFAAC6AE5B8}
		{FE1FC783-1F6C-46AD-8412-E56C4C84C1B6} = {4A96F7BF-1160-4A24-8271-BA47E3C0EC63}
	EndGlobalSection
EndGlobal
